// !$*UTF8*$!
{
	archiveVersion = 1;
	classes = {
	};
	objectVersion = 50;
	objects = {

/* Begin PBXBuildFile section */
		E63EAF1A24E1875B00B83D6B /* BrowseView.swift in Sources */ = {isa = PBXBuildFile; fileRef = E63EAF1924E1875B00B83D6B /* BrowseView.swift */; };
		E63EAF2E24E429D000B83D6B /* MyProfileViewModel.swift in Sources */ = {isa = PBXBuildFile; fileRef = E63EAF2D24E429D000B83D6B /* MyProfileViewModel.swift */; };
		E63EAF3024E42AB100B83D6B /* ChatViewModel.swift in Sources */ = {isa = PBXBuildFile; fileRef = E63EAF2F24E42AB100B83D6B /* ChatViewModel.swift */; };
		E63EAF3224E42AEB00B83D6B /* SwapsViewModel.swift in Sources */ = {isa = PBXBuildFile; fileRef = E63EAF3124E42AEB00B83D6B /* SwapsViewModel.swift */; };
		E63EAF3C24E43CF000B83D6B /* LibraryView.swift in Sources */ = {isa = PBXBuildFile; fileRef = E63EAF3B24E43CF000B83D6B /* LibraryView.swift */; };
		E63EAF4024E5715900B83D6B /* ExampleData.swift in Sources */ = {isa = PBXBuildFile; fileRef = E63EAF3F24E5715900B83D6B /* ExampleData.swift */; };
		E63EAF4224E7F04200B83D6B /* BookTileView.swift in Sources */ = {isa = PBXBuildFile; fileRef = E63EAF4124E7F04200B83D6B /* BookTileView.swift */; };
		E63EAF4424E7F09200B83D6B /* BookDetailsView.swift in Sources */ = {isa = PBXBuildFile; fileRef = E63EAF4324E7F09200B83D6B /* BookDetailsView.swift */; };
		E63EAF4624E7F32A00B83D6B /* Session.swift in Sources */ = {isa = PBXBuildFile; fileRef = E63EAF4524E7F32A00B83D6B /* Session.swift */; };
		E63EAF4B24EABB6600B83D6B /* Book.swift in Sources */ = {isa = PBXBuildFile; fileRef = E63EAF4A24EABB6600B83D6B /* Book.swift */; };
		E63EAF4D24EABB7100B83D6B /* User.swift in Sources */ = {isa = PBXBuildFile; fileRef = E63EAF4C24EABB7100B83D6B /* User.swift */; };
		E63EAF4F24EABB7900B83D6B /* Subsection.swift in Sources */ = {isa = PBXBuildFile; fileRef = E63EAF4E24EABB7900B83D6B /* Subsection.swift */; };
		E63EAF5224EC1C4200B83D6B /* SearchBar.swift in Sources */ = {isa = PBXBuildFile; fileRef = E63EAF5124EC1C4200B83D6B /* SearchBar.swift */; };
		E63EAF5624EFDC5400B83D6B /* SubsectionView.swift in Sources */ = {isa = PBXBuildFile; fileRef = E63EAF5524EFDC5400B83D6B /* SubsectionView.swift */; };
		E670357024E1521500443598 /* UrlImageView.swift in Sources */ = {isa = PBXBuildFile; fileRef = E670356F24E1521500443598 /* UrlImageView.swift */; };
		E670357224E1575600443598 /* UrlImageModel.swift in Sources */ = {isa = PBXBuildFile; fileRef = E670357124E1575600443598 /* UrlImageModel.swift */; };
		E6F614FC24D6F22C00407C33 /* AppDelegate.swift in Sources */ = {isa = PBXBuildFile; fileRef = E6F614FB24D6F22C00407C33 /* AppDelegate.swift */; };
		E6F614FE24D6F22C00407C33 /* SceneDelegate.swift in Sources */ = {isa = PBXBuildFile; fileRef = E6F614FD24D6F22C00407C33 /* SceneDelegate.swift */; };
		E6F6150024D6F22C00407C33 /* ContentView.swift in Sources */ = {isa = PBXBuildFile; fileRef = E6F614FF24D6F22C00407C33 /* ContentView.swift */; };
		E6F6150224D6F23000407C33 /* Assets.xcassets in Resources */ = {isa = PBXBuildFile; fileRef = E6F6150124D6F23000407C33 /* Assets.xcassets */; };
		E6F6150524D6F23000407C33 /* Preview Assets.xcassets in Resources */ = {isa = PBXBuildFile; fileRef = E6F6150424D6F23000407C33 /* Preview Assets.xcassets */; };
		E6F6150824D6F23000407C33 /* LaunchScreen.storyboard in Resources */ = {isa = PBXBuildFile; fileRef = E6F6150624D6F23000407C33 /* LaunchScreen.storyboard */; };
		E6F6151024D6F34F00407C33 /* MyProfileView.swift in Sources */ = {isa = PBXBuildFile; fileRef = E6F6150F24D6F34F00407C33 /* MyProfileView.swift */; };
		E6F6151424D6F39400407C33 /* ChatView.swift in Sources */ = {isa = PBXBuildFile; fileRef = E6F6151324D6F39400407C33 /* ChatView.swift */; };
		E6F6151624D6F8C400407C33 /* SwapsView.swift in Sources */ = {isa = PBXBuildFile; fileRef = E6F6151524D6F8C400407C33 /* SwapsView.swift */; };
/* End PBXBuildFile section */

/* Begin PBXFileReference section */
		E63EAF1924E1875B00B83D6B /* BrowseView.swift */ = {isa = PBXFileReference; lastKnownFileType = sourcecode.swift; path = BrowseView.swift; sourceTree = "<group>"; };
		E63EAF2D24E429D000B83D6B /* MyProfileViewModel.swift */ = {isa = PBXFileReference; lastKnownFileType = sourcecode.swift; path = MyProfileViewModel.swift; sourceTree = "<group>"; };
		E63EAF2F24E42AB100B83D6B /* ChatViewModel.swift */ = {isa = PBXFileReference; lastKnownFileType = sourcecode.swift; path = ChatViewModel.swift; sourceTree = "<group>"; };
		E63EAF3124E42AEB00B83D6B /* SwapsViewModel.swift */ = {isa = PBXFileReference; lastKnownFileType = sourcecode.swift; path = SwapsViewModel.swift; sourceTree = "<group>"; };
		E63EAF3B24E43CF000B83D6B /* LibraryView.swift */ = {isa = PBXFileReference; lastKnownFileType = sourcecode.swift; path = LibraryView.swift; sourceTree = "<group>"; };
		E63EAF3F24E5715900B83D6B /* ExampleData.swift */ = {isa = PBXFileReference; lastKnownFileType = sourcecode.swift; path = ExampleData.swift; sourceTree = "<group>"; };
		E63EAF4124E7F04200B83D6B /* BookTileView.swift */ = {isa = PBXFileReference; lastKnownFileType = sourcecode.swift; path = BookTileView.swift; sourceTree = "<group>"; };
		E63EAF4324E7F09200B83D6B /* BookDetailsView.swift */ = {isa = PBXFileReference; lastKnownFileType = sourcecode.swift; path = BookDetailsView.swift; sourceTree = "<group>"; };
		E63EAF4524E7F32A00B83D6B /* Session.swift */ = {isa = PBXFileReference; lastKnownFileType = sourcecode.swift; path = Session.swift; sourceTree = "<group>"; };
		E63EAF4A24EABB6600B83D6B /* Book.swift */ = {isa = PBXFileReference; lastKnownFileType = sourcecode.swift; path = Book.swift; sourceTree = "<group>"; };
		E63EAF4C24EABB7100B83D6B /* User.swift */ = {isa = PBXFileReference; lastKnownFileType = sourcecode.swift; path = User.swift; sourceTree = "<group>"; };
		E63EAF4E24EABB7900B83D6B /* Subsection.swift */ = {isa = PBXFileReference; lastKnownFileType = sourcecode.swift; path = Subsection.swift; sourceTree = "<group>"; };
		E63EAF5124EC1C4200B83D6B /* SearchBar.swift */ = {isa = PBXFileReference; lastKnownFileType = sourcecode.swift; path = SearchBar.swift; sourceTree = "<group>"; };
		E63EAF5524EFDC5400B83D6B /* SubsectionView.swift */ = {isa = PBXFileReference; lastKnownFileType = sourcecode.swift; path = SubsectionView.swift; sourceTree = "<group>"; };
		E670356F24E1521500443598 /* UrlImageView.swift */ = {isa = PBXFileReference; lastKnownFileType = sourcecode.swift; path = UrlImageView.swift; sourceTree = "<group>"; };
		E670357124E1575600443598 /* UrlImageModel.swift */ = {isa = PBXFileReference; lastKnownFileType = sourcecode.swift; path = UrlImageModel.swift; sourceTree = "<group>"; };
		E6F614F824D6F22C00407C33 /* bookswap.app */ = {isa = PBXFileReference; explicitFileType = wrapper.application; includeInIndex = 0; path = bookswap.app; sourceTree = BUILT_PRODUCTS_DIR; };
		E6F614FB24D6F22C00407C33 /* AppDelegate.swift */ = {isa = PBXFileReference; lastKnownFileType = sourcecode.swift; path = AppDelegate.swift; sourceTree = "<group>"; };
		E6F614FD24D6F22C00407C33 /* SceneDelegate.swift */ = {isa = PBXFileReference; lastKnownFileType = sourcecode.swift; path = SceneDelegate.swift; sourceTree = "<group>"; };
		E6F614FF24D6F22C00407C33 /* ContentView.swift */ = {isa = PBXFileReference; lastKnownFileType = sourcecode.swift; path = ContentView.swift; sourceTree = "<group>"; };
		E6F6150124D6F23000407C33 /* Assets.xcassets */ = {isa = PBXFileReference; lastKnownFileType = folder.assetcatalog; path = Assets.xcassets; sourceTree = "<group>"; };
		E6F6150424D6F23000407C33 /* Preview Assets.xcassets */ = {isa = PBXFileReference; lastKnownFileType = folder.assetcatalog; path = "Preview Assets.xcassets"; sourceTree = "<group>"; };
		E6F6150724D6F23000407C33 /* Base */ = {isa = PBXFileReference; lastKnownFileType = file.storyboard; name = Base; path = Base.lproj/LaunchScreen.storyboard; sourceTree = "<group>"; };
		E6F6150924D6F23000407C33 /* Info.plist */ = {isa = PBXFileReference; lastKnownFileType = text.plist.xml; path = Info.plist; sourceTree = "<group>"; };
		E6F6150F24D6F34F00407C33 /* MyProfileView.swift */ = {isa = PBXFileReference; lastKnownFileType = sourcecode.swift; path = MyProfileView.swift; sourceTree = "<group>"; };
		E6F6151324D6F39400407C33 /* ChatView.swift */ = {isa = PBXFileReference; lastKnownFileType = sourcecode.swift; path = ChatView.swift; sourceTree = "<group>"; };
		E6F6151524D6F8C400407C33 /* SwapsView.swift */ = {isa = PBXFileReference; lastKnownFileType = sourcecode.swift; path = SwapsView.swift; sourceTree = "<group>"; };
/* End PBXFileReference section */

/* Begin PBXFrameworksBuildPhase section */
		E6F614F524D6F22C00407C33 /* Frameworks */ = {
			isa = PBXFrameworksBuildPhase;
			buildActionMask = 2147483647;
			files = (
			);
			runOnlyForDeploymentPostprocessing = 0;
		};
/* End PBXFrameworksBuildPhase section */

/* Begin PBXGroup section */
		E63EAF2024E18BCD00B83D6B /* Components */ = {
			isa = PBXGroup;
			children = (
				E670356F24E1521500443598 /* UrlImageView.swift */,
				E670357124E1575600443598 /* UrlImageModel.swift */,
			);
			path = Components;
			sourceTree = "<group>";
		};
		E63EAF4924EABAD000B83D6B /* Model */ = {
			isa = PBXGroup;
			children = (
				E63EAF4524E7F32A00B83D6B /* Session.swift */,
				E63EAF4A24EABB6600B83D6B /* Book.swift */,
				E63EAF4C24EABB7100B83D6B /* User.swift */,
				E63EAF4E24EABB7900B83D6B /* Subsection.swift */,
			);
			path = Model;
			sourceTree = "<group>";
		};
		E63EAF5024EABEC800B83D6B /* Data */ = {
			isa = PBXGroup;
			children = (
				E63EAF3F24E5715900B83D6B /* ExampleData.swift */,
			);
			path = Data;
			sourceTree = "<group>";
		};
		E670356024DEE04200443598 /* Profile */ = {
			isa = PBXGroup;
			children = (
				E6F6150F24D6F34F00407C33 /* MyProfileView.swift */,
				E63EAF2D24E429D000B83D6B /* MyProfileViewModel.swift */,
				E63EAF3B24E43CF000B83D6B /* LibraryView.swift */,
			);
			path = Profile;
			sourceTree = "<group>";
		};
		E670356224DEE06D00443598 /* Chat */ = {
			isa = PBXGroup;
			children = (
				E6F6151324D6F39400407C33 /* ChatView.swift */,
				E63EAF2F24E42AB100B83D6B /* ChatViewModel.swift */,
			);
			path = Chat;
			sourceTree = "<group>";
		};
		E670356324DEE08400443598 /* Swaps */ = {
			isa = PBXGroup;
			children = (
				E6F6151524D6F8C400407C33 /* SwapsView.swift */,
				E63EAF3124E42AEB00B83D6B /* SwapsViewModel.swift */,
			);
			path = Swaps;
			sourceTree = "<group>";
		};
		E670357324E185B500443598 /* View */ = {
			isa = PBXGroup;
			children = (
				E63EAF2024E18BCD00B83D6B /* Components */,
				E670356024DEE04200443598 /* Profile */,
				E670357424E185BD00443598 /* Browse */,
				E670356224DEE06D00443598 /* Chat */,
				E670356324DEE08400443598 /* Swaps */,
			);
			path = View;
			sourceTree = "<group>";
		};
		E670357424E185BD00443598 /* Browse */ = {
			isa = PBXGroup;
			children = (
				E63EAF1924E1875B00B83D6B /* BrowseView.swift */,
				E63EAF5124EC1C4200B83D6B /* SearchBar.swift */,
				E63EAF5524EFDC5400B83D6B /* SubsectionView.swift */,
				E63EAF4124E7F04200B83D6B /* BookTileView.swift */,
				E63EAF4324E7F09200B83D6B /* BookDetailsView.swift */,
			);
			path = Browse;
			sourceTree = "<group>";
		};
		E6F614EF24D6F22C00407C33 = {
			isa = PBXGroup;
			children = (
				E6F614FA24D6F22C00407C33 /* bookswap */,
				E6F614F924D6F22C00407C33 /* Products */,
			);
			sourceTree = "<group>";
		};
		E6F614F924D6F22C00407C33 /* Products */ = {
			isa = PBXGroup;
			children = (
				E6F614F824D6F22C00407C33 /* bookswap.app */,
			);
			name = Products;
			sourceTree = "<group>";
		};
		E6F614FA24D6F22C00407C33 /* bookswap */ = {
			isa = PBXGroup;
			children = (
				E6F614FB24D6F22C00407C33 /* AppDelegate.swift */,
				E6F614FD24D6F22C00407C33 /* SceneDelegate.swift */,
				E6F614FF24D6F22C00407C33 /* ContentView.swift */,
				E670357324E185B500443598 /* View */,
				E63EAF4924EABAD000B83D6B /* Model */,
				E63EAF5024EABEC800B83D6B /* Data */,
				E6F6150124D6F23000407C33 /* Assets.xcassets */,
				E6F6150624D6F23000407C33 /* LaunchScreen.storyboard */,
				E6F6150924D6F23000407C33 /* Info.plist */,
				E6F6150324D6F23000407C33 /* Preview Content */,
			);
			path = bookswap;
			sourceTree = "<group>";
		};
		E6F6150324D6F23000407C33 /* Preview Content */ = {
			isa = PBXGroup;
			children = (
				E6F6150424D6F23000407C33 /* Preview Assets.xcassets */,
			);
			path = "Preview Content";
			sourceTree = "<group>";
		};
/* End PBXGroup section */

/* Begin PBXNativeTarget section */
		E6F614F724D6F22C00407C33 /* bookswap */ = {
			isa = PBXNativeTarget;
			buildConfigurationList = E6F6150C24D6F23000407C33 /* Build configuration list for PBXNativeTarget "bookswap" */;
			buildPhases = (
				E6F614F424D6F22C00407C33 /* Sources */,
				E6F614F524D6F22C00407C33 /* Frameworks */,
				E6F614F624D6F22C00407C33 /* Resources */,
			);
			buildRules = (
			);
			dependencies = (
			);
			name = bookswap;
			productName = bookswap;
			productReference = E6F614F824D6F22C00407C33 /* bookswap.app */;
			productType = "com.apple.product-type.application";
		};
/* End PBXNativeTarget section */

/* Begin PBXProject section */
		E6F614F024D6F22C00407C33 /* Project object */ = {
			isa = PBXProject;
			attributes = {
				LastSwiftUpdateCheck = 1160;
				LastUpgradeCheck = 1160;
				ORGANIZATIONNAME = "Tom Elvidge";
				TargetAttributes = {
					E6F614F724D6F22C00407C33 = {
						CreatedOnToolsVersion = 11.6;
					};
				};
			};
			buildConfigurationList = E6F614F324D6F22C00407C33 /* Build configuration list for PBXProject "bookswap" */;
			compatibilityVersion = "Xcode 9.3";
			developmentRegion = en;
			hasScannedForEncodings = 0;
			knownRegions = (
				en,
				Base,
			);
			mainGroup = E6F614EF24D6F22C00407C33;
			productRefGroup = E6F614F924D6F22C00407C33 /* Products */;
			projectDirPath = "";
			projectRoot = "";
			targets = (
				E6F614F724D6F22C00407C33 /* bookswap */,
			);
		};
/* End PBXProject section */

/* Begin PBXResourcesBuildPhase section */
		E6F614F624D6F22C00407C33 /* Resources */ = {
			isa = PBXResourcesBuildPhase;
			buildActionMask = 2147483647;
			files = (
				E6F6150824D6F23000407C33 /* LaunchScreen.storyboard in Resources */,
				E6F6150524D6F23000407C33 /* Preview Assets.xcassets in Resources */,
				E6F6150224D6F23000407C33 /* Assets.xcassets in Resources */,
			);
			runOnlyForDeploymentPostprocessing = 0;
		};
/* End PBXResourcesBuildPhase section */

/* Begin PBXSourcesBuildPhase section */
		E6F614F424D6F22C00407C33 /* Sources */ = {
			isa = PBXSourcesBuildPhase;
			buildActionMask = 2147483647;
			files = (
				E63EAF5224EC1C4200B83D6B /* SearchBar.swift in Sources */,
				E6F614FC24D6F22C00407C33 /* AppDelegate.swift in Sources */,
				E6F614FE24D6F22C00407C33 /* SceneDelegate.swift in Sources */,
				E63EAF4224E7F04200B83D6B /* BookTileView.swift in Sources */,
				E63EAF2E24E429D000B83D6B /* MyProfileViewModel.swift in Sources */,
				E63EAF4024E5715900B83D6B /* ExampleData.swift in Sources */,
				E63EAF3C24E43CF000B83D6B /* LibraryView.swift in Sources */,
				E63EAF4F24EABB7900B83D6B /* Subsection.swift in Sources */,
				E63EAF4B24EABB6600B83D6B /* Book.swift in Sources */,
				E6F6151024D6F34F00407C33 /* MyProfileView.swift in Sources */,
				E63EAF1A24E1875B00B83D6B /* BrowseView.swift in Sources */,
				E63EAF3024E42AB100B83D6B /* ChatViewModel.swift in Sources */,
				E6F6151624D6F8C400407C33 /* SwapsView.swift in Sources */,
				E6F6151424D6F39400407C33 /* ChatView.swift in Sources */,
				E63EAF5624EFDC5400B83D6B /* SubsectionView.swift in Sources */,
				E63EAF4424E7F09200B83D6B /* BookDetailsView.swift in Sources */,
				E670357024E1521500443598 /* UrlImageView.swift in Sources */,
				E63EAF3224E42AEB00B83D6B /* SwapsViewModel.swift in Sources */,
				E63EAF4D24EABB7100B83D6B /* User.swift in Sources */,
				E63EAF4624E7F32A00B83D6B /* Session.swift in Sources */,
				E670357224E1575600443598 /* UrlImageModel.swift in Sources */,
				E6F6150024D6F22C00407C33 /* ContentView.swift in Sources */,
			);
			runOnlyForDeploymentPostprocessing = 0;
		};
/* End PBXSourcesBuildPhase section */

/* Begin PBXVariantGroup section */
		E6F6150624D6F23000407C33 /* LaunchScreen.storyboard */ = {
			isa = PBXVariantGroup;
			children = (
				E6F6150724D6F23000407C33 /* Base */,
			);
			name = LaunchScreen.storyboard;
			sourceTree = "<group>";
		};
/* End PBXVariantGroup section */

/* Begin XCBuildConfiguration section */
		E6F6150A24D6F23000407C33 /* Debug */ = {
			isa = XCBuildConfiguration;
			buildSettings = {
				ALWAYS_SEARCH_USER_PATHS = NO;
				CLANG_ANALYZER_NONNULL = YES;
				CLANG_ANALYZER_NUMBER_OBJECT_CONVERSION = YES_AGGRESSIVE;
				CLANG_CXX_LANGUAGE_STANDARD = "gnu++14";
				CLANG_CXX_LIBRARY = "libc++";
				CLANG_ENABLE_MODULES = YES;
				CLANG_ENABLE_OBJC_ARC = YES;
				CLANG_ENABLE_OBJC_WEAK = YES;
				CLANG_WARN_BLOCK_CAPTURE_AUTORELEASING = YES;
				CLANG_WARN_BOOL_CONVERSION = YES;
				CLANG_WARN_COMMA = YES;
				CLANG_WARN_CONSTANT_CONVERSION = YES;
				CLANG_WARN_DEPRECATED_OBJC_IMPLEMENTATIONS = YES;
				CLANG_WARN_DIRECT_OBJC_ISA_USAGE = YES_ERROR;
				CLANG_WARN_DOCUMENTATION_COMMENTS = YES;
				CLANG_WARN_EMPTY_BODY = YES;
				CLANG_WARN_ENUM_CONVERSION = YES;
				CLANG_WARN_INFINITE_RECURSION = YES;
				CLANG_WARN_INT_CONVERSION = YES;
				CLANG_WARN_NON_LITERAL_NULL_CONVERSION = YES;
				CLANG_WARN_OBJC_IMPLICIT_RETAIN_SELF = YES;
				CLANG_WARN_OBJC_LITERAL_CONVERSION = YES;
				CLANG_WARN_OBJC_ROOT_CLASS = YES_ERROR;
				CLANG_WARN_RANGE_LOOP_ANALYSIS = YES;
				CLANG_WARN_STRICT_PROTOTYPES = YES;
				CLANG_WARN_SUSPICIOUS_MOVE = YES;
				CLANG_WARN_UNGUARDED_AVAILABILITY = YES_AGGRESSIVE;
				CLANG_WARN_UNREACHABLE_CODE = YES;
				CLANG_WARN__DUPLICATE_METHOD_MATCH = YES;
				COPY_PHASE_STRIP = NO;
				DEBUG_INFORMATION_FORMAT = dwarf;
				ENABLE_STRICT_OBJC_MSGSEND = YES;
				ENABLE_TESTABILITY = YES;
				GCC_C_LANGUAGE_STANDARD = gnu11;
				GCC_DYNAMIC_NO_PIC = NO;
				GCC_NO_COMMON_BLOCKS = YES;
				GCC_OPTIMIZATION_LEVEL = 0;
				GCC_PREPROCESSOR_DEFINITIONS = (
					"DEBUG=1",
					"$(inherited)",
				);
				GCC_WARN_64_TO_32_BIT_CONVERSION = YES;
				GCC_WARN_ABOUT_RETURN_TYPE = YES_ERROR;
				GCC_WARN_UNDECLARED_SELECTOR = YES;
				GCC_WARN_UNINITIALIZED_AUTOS = YES_AGGRESSIVE;
				GCC_WARN_UNUSED_FUNCTION = YES;
				GCC_WARN_UNUSED_VARIABLE = YES;
				IPHONEOS_DEPLOYMENT_TARGET = 13.5;
				MTL_ENABLE_DEBUG_INFO = INCLUDE_SOURCE;
				MTL_FAST_MATH = YES;
				ONLY_ACTIVE_ARCH = YES;
				SDKROOT = iphoneos;
				SWIFT_ACTIVE_COMPILATION_CONDITIONS = DEBUG;
				SWIFT_OPTIMIZATION_LEVEL = "-Onone";
			};
			name = Debug;
		};
		E6F6150B24D6F23000407C33 /* Release */ = {
			isa = XCBuildConfiguration;
			buildSettings = {
				ALWAYS_SEARCH_USER_PATHS = NO;
				CLANG_ANALYZER_NONNULL = YES;
				CLANG_ANALYZER_NUMBER_OBJECT_CONVERSION = YES_AGGRESSIVE;
				CLANG_CXX_LANGUAGE_STANDARD = "gnu++14";
				CLANG_CXX_LIBRARY = "libc++";
				CLANG_ENABLE_MODULES = YES;
				CLANG_ENABLE_OBJC_ARC = YES;
				CLANG_ENABLE_OBJC_WEAK = YES;
				CLANG_WARN_BLOCK_CAPTURE_AUTORELEASING = YES;
				CLANG_WARN_BOOL_CONVERSION = YES;
				CLANG_WARN_COMMA = YES;
				CLANG_WARN_CONSTANT_CONVERSION = YES;
				CLANG_WARN_DEPRECATED_OBJC_IMPLEMENTATIONS = YES;
				CLANG_WARN_DIRECT_OBJC_ISA_USAGE = YES_ERROR;
				CLANG_WARN_DOCUMENTATION_COMMENTS = YES;
				CLANG_WARN_EMPTY_BODY = YES;
				CLANG_WARN_ENUM_CONVERSION = YES;
				CLANG_WARN_INFINITE_RECURSION = YES;
				CLANG_WARN_INT_CONVERSION = YES;
				CLANG_WARN_NON_LITERAL_NULL_CONVERSION = YES;
				CLANG_WARN_OBJC_IMPLICIT_RETAIN_SELF = YES;
				CLANG_WARN_OBJC_LITERAL_CONVERSION = YES;
				CLANG_WARN_OBJC_ROOT_CLASS = YES_ERROR;
				CLANG_WARN_RANGE_LOOP_ANALYSIS = YES;
				CLANG_WARN_STRICT_PROTOTYPES = YES;
				CLANG_WARN_SUSPICIOUS_MOVE = YES;
				CLANG_WARN_UNGUARDED_AVAILABILITY = YES_AGGRESSIVE;
				CLANG_WARN_UNREACHABLE_CODE = YES;
				CLANG_WARN__DUPLICATE_METHOD_MATCH = YES;
				COPY_PHASE_STRIP = NO;
				DEBUG_INFORMATION_FORMAT = "dwarf-with-dsym";
				ENABLE_NS_ASSERTIONS = NO;
				ENABLE_STRICT_OBJC_MSGSEND = YES;
				GCC_C_LANGUAGE_STANDARD = gnu11;
				GCC_NO_COMMON_BLOCKS = YES;
				GCC_WARN_64_TO_32_BIT_CONVERSION = YES;
				GCC_WARN_ABOUT_RETURN_TYPE = YES_ERROR;
				GCC_WARN_UNDECLARED_SELECTOR = YES;
				GCC_WARN_UNINITIALIZED_AUTOS = YES_AGGRESSIVE;
				GCC_WARN_UNUSED_FUNCTION = YES;
				GCC_WARN_UNUSED_VARIABLE = YES;
				IPHONEOS_DEPLOYMENT_TARGET = 13.5;
				MTL_ENABLE_DEBUG_INFO = NO;
				MTL_FAST_MATH = YES;
				SDKROOT = iphoneos;
				SWIFT_COMPILATION_MODE = wholemodule;
				SWIFT_OPTIMIZATION_LEVEL = "-O";
				VALIDATE_PRODUCT = YES;
			};
			name = Release;
		};
		E6F6150D24D6F23000407C33 /* Debug */ = {
			isa = XCBuildConfiguration;
			buildSettings = {
				ASSETCATALOG_COMPILER_APPICON_NAME = AppIcon;
				CODE_SIGN_STYLE = Automatic;
				DEVELOPMENT_ASSET_PATHS = "\"bookswap/Preview Content\"";
				DEVELOPMENT_TEAM = N77FNQX2YM;
				ENABLE_PREVIEWS = YES;
				INFOPLIST_FILE = bookswap/Info.plist;
				LD_RUNPATH_SEARCH_PATHS = (
					"$(inherited)",
					"@executable_path/Frameworks",
				);
				PRODUCT_BUNDLE_IDENTIFIER = com.tomelvidge.bookswap;
				PRODUCT_NAME = "$(TARGET_NAME)";
				SWIFT_VERSION = 5.0;
				TARGETED_DEVICE_FAMILY = "1,2";
			};
			name = Debug;
		};
		E6F6150E24D6F23000407C33 /* Release */ = {
			isa = XCBuildConfiguration;
			buildSettings = {
				ASSETCATALOG_COMPILER_APPICON_NAME = AppIcon;
				CODE_SIGN_STYLE = Automatic;
				DEVELOPMENT_ASSET_PATHS = "\"bookswap/Preview Content\"";
				DEVELOPMENT_TEAM = N77FNQX2YM;
				ENABLE_PREVIEWS = YES;
				INFOPLIST_FILE = bookswap/Info.plist;
				LD_RUNPATH_SEARCH_PATHS = (
					"$(inherited)",
					"@executable_path/Frameworks",
				);
				PRODUCT_BUNDLE_IDENTIFIER = com.tomelvidge.bookswap;
				PRODUCT_NAME = "$(TARGET_NAME)";
				SWIFT_VERSION = 5.0;
				TARGETED_DEVICE_FAMILY = "1,2";
			};
			name = Release;
		};
/* End XCBuildConfiguration section */

/* Begin XCConfigurationList section */
		E6F614F324D6F22C00407C33 /* Build configuration list for PBXProject "bookswap" */ = {
			isa = XCConfigurationList;
			buildConfigurations = (
				E6F6150A24D6F23000407C33 /* Debug */,
				E6F6150B24D6F23000407C33 /* Release */,
			);
			defaultConfigurationIsVisible = 0;
			defaultConfigurationName = Release;
		};
		E6F6150C24D6F23000407C33 /* Build configuration list for PBXNativeTarget "bookswap" */ = {
			isa = XCConfigurationList;
			buildConfigurations = (
				E6F6150D24D6F23000407C33 /* Debug */,
				E6F6150E24D6F23000407C33 /* Release */,
			);
			defaultConfigurationIsVisible = 0;
			defaultConfigurationName = Release;
		};
/* End XCConfigurationList section */
	};
	rootObject = E6F614F024D6F22C00407C33 /* Project object */;
}
